
Microsoft Visual Studio Solution File, Format Version 12.00
Project("{FAE04EC0-301F-11D3-BF4B-00C04F79EFBC}") = "Ragent", "src\Ragent\Ragent.csproj", "{00ABF5D8-6411-4029-9B98-7DD4B6A760D0}"
EndProject
Project("{2150E333-8FDC-42A3-9474-1A3956D46DE8}") = "src", "src", "{7EFC22DE-DAA3-4045-9940-26E16741A236}"
EndProject
Project("{2150E333-8FDC-42A3-9474-1A3956D46DE8}") = "test", "test", "{7236CA73-1BDE-4468-A9ED-042A05C1E460}"
EndProject
Project("{FAE04EC0-301F-11D3-BF4B-00C04F79EFBC}") = "Ragent.Tests", "test\Ragent.Tests\Ragent.Tests.csproj", "{5DC810E7-8406-452E-9E1C-40B0E5B6EECE}"
EndProject
Project("{2150E333-8FDC-42A3-9474-1A3956D46DE8}") = "sample", "sample", "{FB06A624-09F0-4CFE-B795-D3F80B37BCC2}"
EndProject
Project("{FAE04EC0-301F-11D3-BF4B-00C04F79EFBC}") = "SampleApp", "sample\SampleApp\SampleApp.csproj", "{F49716CC-1673-4F5D-B54F-98CE6C20040C}"
EndProject
Project("{2150E333-8FDC-42A3-9474-1A3956D46DE8}") = "script", "script", "{DC50D53D-4491-4E2E-A787-204872FCE59A}"
EndProject
Project("{FAE04EC0-301F-11D3-BF4B-00C04F79EFBC}") = "Ragent.Tools", "src\Ragent.Tools\Ragent.Tools.csproj", "{C25C876F-BBFE-42DD-BA1C-AB19F28A9B5B}"
EndProject
Project("{FAE04EC0-301F-11D3-BF4B-00C04F79EFBC}") = "Ragent.Tools.Tests", "test\Ragent.Tools.Tests\Ragent.Tools.Tests.csproj", "{D2FACB43-FBA2-4B2A-99DC-E4529449AE43}"
EndProject
Global
	GlobalSection(SolutionConfigurationPlatforms) = preSolution
		Debug|Any CPU = Debug|Any CPU
		Release|Any CPU = Release|Any CPU
	EndGlobalSection
	GlobalSection(ProjectConfigurationPlatforms) = postSolution
		{00ABF5D8-6411-4029-9B98-7DD4B6A760D0}.Debug|Any CPU.ActiveCfg = Debug|Any CPU
		{00ABF5D8-6411-4029-9B98-7DD4B6A760D0}.Debug|Any CPU.Build.0 = Debug|Any CPU
		{00ABF5D8-6411-4029-9B98-7DD4B6A760D0}.Release|Any CPU.ActiveCfg = Release|Any CPU
		{00ABF5D8-6411-4029-9B98-7DD4B6A760D0}.Release|Any CPU.Build.0 = Release|Any CPU
		{5DC810E7-8406-452E-9E1C-40B0E5B6EECE}.Debug|Any CPU.ActiveCfg = Debug|Any CPU
		{5DC810E7-8406-452E-9E1C-40B0E5B6EECE}.Debug|Any CPU.Build.0 = Debug|Any CPU
		{5DC810E7-8406-452E-9E1C-40B0E5B6EECE}.Release|Any CPU.ActiveCfg = Release|Any CPU
		{5DC810E7-8406-452E-9E1C-40B0E5B6EECE}.Release|Any CPU.Build.0 = Release|Any CPU
		{F49716CC-1673-4F5D-B54F-98CE6C20040C}.Debug|Any CPU.ActiveCfg = Debug|Any CPU
		{F49716CC-1673-4F5D-B54F-98CE6C20040C}.Debug|Any CPU.Build.0 = Debug|Any CPU
		{F49716CC-1673-4F5D-B54F-98CE6C20040C}.Release|Any CPU.ActiveCfg = Release|Any CPU
		{F49716CC-1673-4F5D-B54F-98CE6C20040C}.Release|Any CPU.Build.0 = Release|Any CPU
		{C25C876F-BBFE-42DD-BA1C-AB19F28A9B5B}.Debug|Any CPU.ActiveCfg = Debug|Any CPU
		{C25C876F-BBFE-42DD-BA1C-AB19F28A9B5B}.Debug|Any CPU.Build.0 = Debug|Any CPU
		{C25C876F-BBFE-42DD-BA1C-AB19F28A9B5B}.Release|Any CPU.ActiveCfg = Release|Any CPU
		{C25C876F-BBFE-42DD-BA1C-AB19F28A9B5B}.Release|Any CPU.Build.0 = Release|Any CPU
		{D2FACB43-FBA2-4B2A-99DC-E4529449AE43}.Debug|Any CPU.ActiveCfg = Debug|Any CPU
		{D2FACB43-FBA2-4B2A-99DC-E4529449AE43}.Debug|Any CPU.Build.0 = Debug|Any CPU
		{D2FACB43-FBA2-4B2A-99DC-E4529449AE43}.Release|Any CPU.ActiveCfg = Release|Any CPU
		{D2FACB43-FBA2-4B2A-99DC-E4529449AE43}.Release|Any CPU.Build.0 = Release|Any CPU
	EndGlobalSection
	GlobalSection(NestedProjects) = preSolution
		{00ABF5D8-6411-4029-9B98-7DD4B6A760D0} = {7EFC22DE-DAA3-4045-9940-26E16741A236}
		{5DC810E7-8406-452E-9E1C-40B0E5B6EECE} = {7236CA73-1BDE-4468-A9ED-042A05C1E460}
		{F49716CC-1673-4F5D-B54F-98CE6C20040C} = {FB06A624-09F0-4CFE-B795-D3F80B37BCC2}
		{C25C876F-BBFE-42DD-BA1C-AB19F28A9B5B} = {7EFC22DE-DAA3-4045-9940-26E16741A236}
		{D2FACB43-FBA2-4B2A-99DC-E4529449AE43} = {7236CA73-1BDE-4468-A9ED-042A05C1E460}
	EndGlobalSection
EndGlobal
