
Microsoft Visual Studio Solution File, Format Version 12.00
Project("{FAE04EC0-301F-11D3-BF4B-00C04F79EFBC}") = "ReflectiveAgent", "ReflectiveAgent\ReflectiveAgent.csproj", "{13133DFB-836A-4A93-B9DA-96CE7AB40BEF}"
EndProject
Project("{FAE04EC0-301F-11D3-BF4B-00C04F79EFBC}") = "ToolLibrary", "ToolLibrary\ToolLibrary.csproj", "{00ABF5D8-6411-4029-9B98-7DD4B6A760D0}"
EndProject
Project("{2150E333-8FDC-42A3-9474-1A3956D46DE8}") = "Prompts", "Prompts", "{6F5E7E7B-D611-44EC-87C9-B5BF2EEAC50D}"
	ProjectSection(SolutionItems) = preProject
		Prompts\SystemPrompt.txt = Prompts\SystemPrompt.txt
	EndProjectSection
EndProject
Project("{2150E333-8FDC-42A3-9474-1A3956D46DE8}") = "Solution Items", "Solution Items", "{4163C7CE-DC00-415F-9E96-2A5AC170CF33}"
	ProjectSection(SolutionItems) = preProject
		compose.yaml = compose.yaml
	EndProjectSection
EndProject
Project("{FAE04EC0-301F-11D3-BF4B-00C04F79EFBC}") = "SampleApp", "SampleApp\SampleApp.csproj", "{AC6E70DD-39B0-433B-BAE4-9025DAC90C92}"
EndProject
Global
	GlobalSection(SolutionConfigurationPlatforms) = preSolution
		Debug|Any CPU = Debug|Any CPU
		Release|Any CPU = Release|Any CPU
	EndGlobalSection
	GlobalSection(ProjectConfigurationPlatforms) = postSolution
		{13133DFB-836A-4A93-B9DA-96CE7AB40BEF}.Debug|Any CPU.ActiveCfg = Debug|Any CPU
		{13133DFB-836A-4A93-B9DA-96CE7AB40BEF}.Debug|Any CPU.Build.0 = Debug|Any CPU
		{13133DFB-836A-4A93-B9DA-96CE7AB40BEF}.Release|Any CPU.ActiveCfg = Release|Any CPU
		{13133DFB-836A-4A93-B9DA-96CE7AB40BEF}.Release|Any CPU.Build.0 = Release|Any CPU
		{00ABF5D8-6411-4029-9B98-7DD4B6A760D0}.Debug|Any CPU.ActiveCfg = Debug|Any CPU
		{00ABF5D8-6411-4029-9B98-7DD4B6A760D0}.Debug|Any CPU.Build.0 = Debug|Any CPU
		{00ABF5D8-6411-4029-9B98-7DD4B6A760D0}.Release|Any CPU.ActiveCfg = Release|Any CPU
		{00ABF5D8-6411-4029-9B98-7DD4B6A760D0}.Release|Any CPU.Build.0 = Release|Any CPU
		{AC6E70DD-39B0-433B-BAE4-9025DAC90C92}.Debug|Any CPU.ActiveCfg = Debug|Any CPU
		{AC6E70DD-39B0-433B-BAE4-9025DAC90C92}.Debug|Any CPU.Build.0 = Debug|Any CPU
		{AC6E70DD-39B0-433B-BAE4-9025DAC90C92}.Release|Any CPU.ActiveCfg = Release|Any CPU
		{AC6E70DD-39B0-433B-BAE4-9025DAC90C92}.Release|Any CPU.Build.0 = Release|Any CPU
	EndGlobalSection
EndGlobal
